
Microsoft Visual Studio Solution File, Format Version 12.00
# Visual Studio Express 2013 for Web
VisualStudioVersion = 12.0.30110.0
MinimumVisualStudioVersion = 10.0.40219.1
Project("{FAE04EC0-301F-11D3-BF4B-00C04F79EFBC}") = "ClickOnceDMAdmin", "ClickOnceDMAdmin\ClickOnceDMAdmin.csproj", "{8165C8E8-2341-4F9E-B5B6-93C40BF18D47}"
EndProject
Project("{FAE04EC0-301F-11D3-BF4B-00C04F79EFBC}") = "ClickOnceDMService", "ClickOnceDMService\ClickOnceDMService.csproj", "{28D0B4BD-709B-4928-ABF1-0C860F8AD005}"
EndProject
Project("{FAE04EC0-301F-11D3-BF4B-00C04F79EFBC}") = "ClickOnceDMLib", "ClickOnceDMLib\ClickOnceDMLib.csproj", "{CD6D9858-4A0A-42F4-8C31-2CC093054844}"
EndProject
Global
	GlobalSection(SolutionConfigurationPlatforms) = preSolution
		Debug|Any CPU = Debug|Any CPU
		Debug|Mixed Platforms = Debug|Mixed Platforms
		Debug|x86 = Debug|x86
		Release|Any CPU = Release|Any CPU
		Release|Mixed Platforms = Release|Mixed Platforms
		Release|x86 = Release|x86
	EndGlobalSection
	GlobalSection(ProjectConfigurationPlatforms) = postSolution
		{8165C8E8-2341-4F9E-B5B6-93C40BF18D47}.Debug|Any CPU.ActiveCfg = Debug|Any CPU
		{8165C8E8-2341-4F9E-B5B6-93C40BF18D47}.Debug|Any CPU.Build.0 = Debug|Any CPU
		{8165C8E8-2341-4F9E-B5B6-93C40BF18D47}.Debug|Mixed Platforms.ActiveCfg = Debug|Any CPU
		{8165C8E8-2341-4F9E-B5B6-93C40BF18D47}.Debug|Mixed Platforms.Build.0 = Debug|Any CPU
		{8165C8E8-2341-4F9E-B5B6-93C40BF18D47}.Debug|x86.ActiveCfg = Debug|Any CPU
		{8165C8E8-2341-4F9E-B5B6-93C40BF18D47}.Release|Any CPU.ActiveCfg = Release|Any CPU
		{8165C8E8-2341-4F9E-B5B6-93C40BF18D47}.Release|Any CPU.Build.0 = Release|Any CPU
		{8165C8E8-2341-4F9E-B5B6-93C40BF18D47}.Release|Mixed Platforms.ActiveCfg = Release|Any CPU
		{8165C8E8-2341-4F9E-B5B6-93C40BF18D47}.Release|Mixed Platforms.Build.0 = Release|Any CPU
		{8165C8E8-2341-4F9E-B5B6-93C40BF18D47}.Release|x86.ActiveCfg = Release|Any CPU
		{28D0B4BD-709B-4928-ABF1-0C860F8AD005}.Debug|Any CPU.ActiveCfg = Debug|x86
		{28D0B4BD-709B-4928-ABF1-0C860F8AD005}.Debug|Mixed Platforms.ActiveCfg = Debug|x86
		{28D0B4BD-709B-4928-ABF1-0C860F8AD005}.Debug|Mixed Platforms.Build.0 = Debug|x86
		{28D0B4BD-709B-4928-ABF1-0C860F8AD005}.Debug|x86.ActiveCfg = Debug|x86
		{28D0B4BD-709B-4928-ABF1-0C860F8AD005}.Debug|x86.Build.0 = Debug|x86
		{28D0B4BD-709B-4928-ABF1-0C860F8AD005}.Release|Any CPU.ActiveCfg = Release|x86
		{28D0B4BD-709B-4928-ABF1-0C860F8AD005}.Release|Mixed Platforms.ActiveCfg = Release|x86
		{28D0B4BD-709B-4928-ABF1-0C860F8AD005}.Release|Mixed Platforms.Build.0 = Release|x86
		{28D0B4BD-709B-4928-ABF1-0C860F8AD005}.Release|x86.ActiveCfg = Release|x86
		{28D0B4BD-709B-4928-ABF1-0C860F8AD005}.Release|x86.Build.0 = Release|x86
		{CD6D9858-4A0A-42F4-8C31-2CC093054844}.Debug|Any CPU.ActiveCfg = Debug|Any CPU
		{CD6D9858-4A0A-42F4-8C31-2CC093054844}.Debug|Any CPU.Build.0 = Debug|Any CPU
		{CD6D9858-4A0A-42F4-8C31-2CC093054844}.Debug|Mixed Platforms.ActiveCfg = Debug|Any CPU
		{CD6D9858-4A0A-42F4-8C31-2CC093054844}.Debug|Mixed Platforms.Build.0 = Debug|Any CPU
		{CD6D9858-4A0A-42F4-8C31-2CC093054844}.Debug|x86.ActiveCfg = Debug|Any CPU
		{CD6D9858-4A0A-42F4-8C31-2CC093054844}.Release|Any CPU.ActiveCfg = Release|Any CPU
		{CD6D9858-4A0A-42F4-8C31-2CC093054844}.Release|Any CPU.Build.0 = Release|Any CPU
		{CD6D9858-4A0A-42F4-8C31-2CC093054844}.Release|Mixed Platforms.ActiveCfg = Release|Any CPU
		{CD6D9858-4A0A-42F4-8C31-2CC093054844}.Release|Mixed Platforms.Build.0 = Release|Any CPU
		{CD6D9858-4A0A-42F4-8C31-2CC093054844}.Release|x86.ActiveCfg = Release|Any CPU
	EndGlobalSection
	GlobalSection(SolutionProperties) = preSolution
		HideSolutionNode = FALSE
	EndGlobalSection
EndGlobal
